
Microsoft Visual Studio Solution File, Format Version 12.00
# Visual Studio Version 16
VisualStudioVersion = 16.0.29806.167
MinimumVisualStudioVersion = 10.0.40219.1
Project("{9A19103F-16F7-4668-BE54-9A1E7A4F7556}") = "Laboratorio2ED2", "Laboratorio2ED2\Laboratorio2ED2.csproj", "{6BF1F9A0-1A67-4030-BE66-6EBF6D1DFA68}"
EndProject
Project("{FAE04EC0-301F-11D3-BF4B-00C04F79EFBC}") = "ArbolesDeHuffman", "ArbolesDeHuffman\ArbolesDeHuffman.csproj", "{64B4D7CC-C735-4016-881C-EBD37ADC7E82}"
EndProject
Project("{FAE04EC0-301F-11D3-BF4B-00C04F79EFBC}") = "ConsolaHuffman", "ConsolaHuffman\ConsolaHuffman.csproj", "{E6499842-EB93-4431-BA97-0CDDF16B72BF}"
EndProject
Global
	GlobalSection(SolutionConfigurationPlatforms) = preSolution
		Debug|Any CPU = Debug|Any CPU
		Release|Any CPU = Release|Any CPU
	EndGlobalSection
	GlobalSection(ProjectConfigurationPlatforms) = postSolution
		{6BF1F9A0-1A67-4030-BE66-6EBF6D1DFA68}.Debug|Any CPU.ActiveCfg = Debug|Any CPU
		{6BF1F9A0-1A67-4030-BE66-6EBF6D1DFA68}.Debug|Any CPU.Build.0 = Debug|Any CPU
		{6BF1F9A0-1A67-4030-BE66-6EBF6D1DFA68}.Release|Any CPU.ActiveCfg = Release|Any CPU
		{6BF1F9A0-1A67-4030-BE66-6EBF6D1DFA68}.Release|Any CPU.Build.0 = Release|Any CPU
		{64B4D7CC-C735-4016-881C-EBD37ADC7E82}.Debug|Any CPU.ActiveCfg = Debug|Any CPU
		{64B4D7CC-C735-4016-881C-EBD37ADC7E82}.Debug|Any CPU.Build.0 = Debug|Any CPU
		{64B4D7CC-C735-4016-881C-EBD37ADC7E82}.Release|Any CPU.ActiveCfg = Release|Any CPU
		{64B4D7CC-C735-4016-881C-EBD37ADC7E82}.Release|Any CPU.Build.0 = Release|Any CPU
		{E6499842-EB93-4431-BA97-0CDDF16B72BF}.Debug|Any CPU.ActiveCfg = Debug|Any CPU
		{E6499842-EB93-4431-BA97-0CDDF16B72BF}.Debug|Any CPU.Build.0 = Debug|Any CPU
		{E6499842-EB93-4431-BA97-0CDDF16B72BF}.Release|Any CPU.ActiveCfg = Release|Any CPU
		{E6499842-EB93-4431-BA97-0CDDF16B72BF}.Release|Any CPU.Build.0 = Release|Any CPU
	EndGlobalSection
	GlobalSection(SolutionProperties) = preSolution
		HideSolutionNode = FALSE
	EndGlobalSection
	GlobalSection(ExtensibilityGlobals) = postSolution
		SolutionGuid = {6AD2F32F-BC57-4C5C-AD43-4C7C0BF7AE55}
	EndGlobalSection
EndGlobal
